
Microsoft Visual Studio Solution File, Format Version 12.00
# Visual Studio Version 16
VisualStudioVersion = 16.0.30114.105
MinimumVisualStudioVersion = 10.0.40219.1
Project("{FAE04EC0-301F-11D3-BF4B-00C04F79EFBC}") = "ZeyroxFN", "ZeyroxFN.csproj", "{9359A70D-A6A7-47FD-997C-C703C898F368}"
EndProject
Global
	GlobalSection(SolutionConfigurationPlatforms) = preSolution
		Debug|Any CPU = Debug|Any CPU
		Debug|x64 = Debug|x64
		Release|Any CPU = Release|Any CPU
		Release|x64 = Release|x64
	EndGlobalSection
	GlobalSection(ProjectConfigurationPlatforms) = postSolution
		{9359A70D-A6A7-47FD-997C-C703C898F368}.Debug|Any CPU.ActiveCfg = Debug|Any CPU
		{9359A70D-A6A7-47FD-997C-C703C898F368}.Debug|Any CPU.Build.0 = Debug|Any CPU
		{9359A70D-A6A7-47FD-997C-C703C898F368}.Debug|x64.ActiveCfg = Debug|x64
		{9359A70D-A6A7-47FD-997C-C703C898F368}.Debug|x64.Build.0 = Debug|x64
		{9359A70D-A6A7-47FD-997C-C703C898F368}.Release|Any CPU.ActiveCfg = Release|Any CPU
		{9359A70D-A6A7-47FD-997C-C703C898F368}.Release|Any CPU.Build.0 = Release|Any CPU
		{9359A70D-A6A7-47FD-997C-C703C898F368}.Release|x64.ActiveCfg = Release|x64
		{9359A70D-A6A7-47FD-997C-C703C898F368}.Release|x64.Build.0 = Release|x64
	EndGlobalSection
	GlobalSection(SolutionProperties) = preSolution
		HideSolutionNode = FALSE
	EndGlobalSection
	GlobalSection(ExtensibilityGlobals) = postSolution
		SolutionGuid = {0E72B8FE-782D-44F2-A295-5D4E64EBE2FA}
	EndGlobalSection
EndGlobal
